
Microsoft Visual Studio Solution File, Format Version 12.00
# Visual Studio Version 17
VisualStudioVersion = 17.10.34928.147
MinimumVisualStudioVersion = 10.0.40219.1
Project("{FAE04EC0-301F-11D3-BF4B-00C04F79EFBC}") = "registration and login", "registration and login.csproj", "{50E4FC2D-9BA5-4C95-AC46-9DCC34568C6D}"
EndProject
Global
	GlobalSection(SolutionConfigurationPlatforms) = preSolution
		Debug|Any CPU = Debug|Any CPU
		Release|Any CPU = Release|Any CPU
	EndGlobalSection
	GlobalSection(ProjectConfigurationPlatforms) = postSolution
		{50E4FC2D-9BA5-4C95-AC46-9DCC34568C6D}.Debug|Any CPU.ActiveCfg = Debug|Any CPU
		{50E4FC2D-9BA5-4C95-AC46-9DCC34568C6D}.Debug|Any CPU.Build.0 = Debug|Any CPU
		{50E4FC2D-9BA5-4C95-AC46-9DCC34568C6D}.Release|Any CPU.ActiveCfg = Release|Any CPU
		{50E4FC2D-9BA5-4C95-AC46-9DCC34568C6D}.Release|Any CPU.Build.0 = Release|Any CPU
	EndGlobalSection
	GlobalSection(SolutionProperties) = preSolution
		HideSolutionNode = FALSE
	EndGlobalSection
	GlobalSection(ExtensibilityGlobals) = postSolution
		SolutionGuid = {ED674D4A-7193-4AB9-9894-83E6ADA8B638}
	EndGlobalSection
EndGlobal
